
Microsoft Visual Studio Solution File, Format Version 12.00
# Visual Studio Version 17
VisualStudioVersion = 17.5.33627.172
MinimumVisualStudioVersion = 10.0.40219.1
Project("{9A19103F-16F7-4668-BE54-9A1E7A4F7556}") = "Empleados.WebForms", "Empleados.WebForms\Empleados.WebForms.csproj", "{49C23134-5980-4124-90A8-82AEAAECE124}"
EndProject
Project("{FAE04EC0-301F-11D3-BF4B-00C04F79EFBC}") = "CRUD.EntityLayer", "CRUD.EntityLayer\CRUD.EntityLayer.csproj", "{76B83E86-FFAA-4689-9834-F597A3B09BD2}"
EndProject
Project("{FAE04EC0-301F-11D3-BF4B-00C04F79EFBC}") = "CRUD.BusinessLayer", "CRUD.Business\CRUD.BusinessLayer.csproj", "{51247436-96EA-4665-88D4-041345A0F946}"
EndProject
Project("{FAE04EC0-301F-11D3-BF4B-00C04F79EFBC}") = "CRUD.DataLayer", "CRUD.DataLayer\CRUD.DataLayer.csproj", "{23C34113-0947-45A0-9653-F155B069DBD4}"
EndProject
Global
	GlobalSection(SolutionConfigurationPlatforms) = preSolution
		Debug|Any CPU = Debug|Any CPU
		Release|Any CPU = Release|Any CPU
	EndGlobalSection
	GlobalSection(ProjectConfigurationPlatforms) = postSolution
		{49C23134-5980-4124-90A8-82AEAAECE124}.Debug|Any CPU.ActiveCfg = Debug|Any CPU
		{49C23134-5980-4124-90A8-82AEAAECE124}.Debug|Any CPU.Build.0 = Debug|Any CPU
		{49C23134-5980-4124-90A8-82AEAAECE124}.Release|Any CPU.ActiveCfg = Release|Any CPU
		{49C23134-5980-4124-90A8-82AEAAECE124}.Release|Any CPU.Build.0 = Release|Any CPU
		{76B83E86-FFAA-4689-9834-F597A3B09BD2}.Debug|Any CPU.ActiveCfg = Debug|Any CPU
		{76B83E86-FFAA-4689-9834-F597A3B09BD2}.Debug|Any CPU.Build.0 = Debug|Any CPU
		{76B83E86-FFAA-4689-9834-F597A3B09BD2}.Release|Any CPU.ActiveCfg = Release|Any CPU
		{76B83E86-FFAA-4689-9834-F597A3B09BD2}.Release|Any CPU.Build.0 = Release|Any CPU
		{51247436-96EA-4665-88D4-041345A0F946}.Debug|Any CPU.ActiveCfg = Debug|Any CPU
		{51247436-96EA-4665-88D4-041345A0F946}.Debug|Any CPU.Build.0 = Debug|Any CPU
		{51247436-96EA-4665-88D4-041345A0F946}.Release|Any CPU.ActiveCfg = Release|Any CPU
		{51247436-96EA-4665-88D4-041345A0F946}.Release|Any CPU.Build.0 = Release|Any CPU
		{23C34113-0947-45A0-9653-F155B069DBD4}.Debug|Any CPU.ActiveCfg = Debug|Any CPU
		{23C34113-0947-45A0-9653-F155B069DBD4}.Debug|Any CPU.Build.0 = Debug|Any CPU
		{23C34113-0947-45A0-9653-F155B069DBD4}.Release|Any CPU.ActiveCfg = Release|Any CPU
		{23C34113-0947-45A0-9653-F155B069DBD4}.Release|Any CPU.Build.0 = Release|Any CPU
	EndGlobalSection
	GlobalSection(SolutionProperties) = preSolution
		HideSolutionNode = FALSE
	EndGlobalSection
	GlobalSection(ExtensibilityGlobals) = postSolution
		SolutionGuid = {CFB56A78-97C3-408C-8B8E-169D56ED1CF1}
	EndGlobalSection
EndGlobal
